# THIS IS AN AUTOGENERATED FILE. DO NOT EDIT THIS FILE DIRECTLY.
# yarn lockfile v1


"@types/node@*":
  version "20.9.1"
  resolved "https://registry.yarnpkg.com/@types/node/-/node-20.9.1.tgz#9d578c610ce1e984adda087f685ace940954fe19"
  integrity sha512-HhmzZh5LSJNS5O8jQKpJ/3ZcrrlG6L70hpGqMIAoM9YVD0YBRNWYsfwcXq8VnSjlNpCpgLzMXdiPo+dxcvSmiA==
  dependencies:
    undici-types "~5.26.4"

"@types/node@^18.14.5":
  version "18.14.5"
  resolved "https://registry.yarnpkg.com/@types/node/-/node-18.14.5.tgz#4a13a6445862159303fc38586598a9396fc408b3"
  integrity sha512-CRT4tMK/DHYhw1fcCEBwME9CSaZNclxfzVMe7GsO6ULSwsttbj70wSiX6rZdIjGblu93sTJxLdhNIT85KKI7Qw==

"@types/plist@^3.0.5":
  version "3.0.5"
  resolved "https://registry.yarnpkg.com/@types/plist/-/plist-3.0.5.tgz#9a0c49c0f9886c8c8696a7904dd703f6284036e0"
  integrity sha512-E6OCaRmAe4WDmWNsL/9RMqdkkzDCY1etutkflWk4c+AcjDU07Pcz1fQwTX0TQz+Pxqn9i4L1TU3UFpjnrcDgxA==
  dependencies:
    "@types/node" "*"
    xmlbuilder ">=11.0.1"

"@xmldom/xmldom@^0.8.8":
  version "0.8.10"
  resolved "https://registry.yarnpkg.com/@xmldom/xmldom/-/xmldom-0.8.10.tgz#a1337ca426aa61cef9fe15b5b28e340a72f6fa99"
  integrity sha512-2WALfTl4xo2SkGCYRt6rDTFfk9R1czmBvUQy12gK2KuRKIpWEhcbbzy8EZXtz/jkRqHX8bFEc6FC1HjX4TUWYw==

base64-js@^1.5.1:
  version "1.5.1"
  resolved "https://registry.yarnpkg.com/base64-js/-/base64-js-1.5.1.tgz#1b1b440160a5bf7ad40b650f095963481903930a"
  integrity sha512-AKpaYlHn8t4SVbOHCy+b5+KKgvR4vrsD8vbvrbiQJps7fKDTkjkDry6ji0rUJjC0kzbNePLwzxq8iypo41qeWA==

plist@^3.1.0:
  version "3.1.0"
  resolved "https://registry.yarnpkg.com/plist/-/plist-3.1.0.tgz#797a516a93e62f5bde55e0b9cc9c967f860893c9"
  integrity sha512-uysumyrvkUX0rX/dEVqt8gC3sTBzd4zoWfLeS29nb53imdaXVvLINYXTI2GNqzaMuvacNx4uJQ8+b3zXR0pkgQ==
  dependencies:
    "@xmldom/xmldom" "^0.8.8"
    base64-js "^1.5.1"
    xmlbuilder "^15.1.1"

undici-types@~5.26.4:
  version "5.26.5"
  resolved "https://registry.yarnpkg.com/undici-types/-/undici-types-5.26.5.tgz#bcd539893d00b56e964fd2657a4866b221a65617"
  integrity sha512-JlCMO+ehdEIKqlFxk6IfVoAUVmgz7cU7zD/h9XZ0qzeosSHmUJVOzSQvvYSYWXkFXC+IfLKSIffhv0sVZup6pA==

xmlbuilder@>=11.0.1, xmlbuilder@^15.1.1:
  version "15.1.1"
  resolved "https://registry.yarnpkg.com/xmlbuilder/-/xmlbuilder-15.1.1.tgz#9dcdce49eea66d8d10b42cae94a79c3c8d0c2ec5"
  integrity sha512-yMqGBqtXyeN1e3TGYvgNgDVZ3j84W4cwkOXQswghol6APgZWaff9lnbvN7MHYJOiXsvGPXtjTYJEiC9J2wv9Eg==
